
Microsoft Visual Studio Solution File, Format Version 12.00
# Visual Studio Version 17
VisualStudioVersion = 17.1.32228.430
MinimumVisualStudioVersion = 10.0.40219.1
Project("{9A19103F-16F7-4668-BE54-9A1E7A4F7556}") = "MonexUp.Domain", "MonexUp.Domain\MonexUp.Domain.csproj", "{A1075D98-F8C9-4101-A9BD-D86B2AECA385}"
EndProject
Project("{9A19103F-16F7-4668-BE54-9A1E7A4F7556}") = "MonexUp.DTO", "MonexUp.DTO\MonexUp.DTO.csproj", "{2E16DDBE-A432-411E-BF7E-F4ED76FFB184}"
EndProject
Project("{9A19103F-16F7-4668-BE54-9A1E7A4F7556}") = "MonexUp.Infra.Interfaces", "MonexUp.Infra.Interfaces\MonexUp.Infra.Interfaces.csproj", "{E149BFCB-5FFB-44D5-8FA0-BE1480D2D8CA}"
EndProject
Project("{9A19103F-16F7-4668-BE54-9A1E7A4F7556}") = "MonexUp.Infra", "MonexUp.Infra\MonexUp.Infra.csproj", "{84C58D7E-C390-4AAF-98B3-F5CBB09C91BC}"
EndProject
Project("{2150E333-8FDC-42A3-9474-1A3956D46DE8}") = "Docker", "Docker", "{4CA0FD41-3A9C-40D1-99D3-240B1C82D7D9}"
	ProjectSection(SolutionItems) = preProject
		default-hml.conf = default-hml.conf
		default.conf = default.conf
		deployPodsAz.yml = deployPodsAz.yml
		docker-compose-acr.yml = docker-compose-acr.yml
		docker-compose.yml = docker-compose.yml
		Dockerfile-nginx = Dockerfile-nginx
		README.md = README.md
		sql_server_compose.yml = sql_server_compose.yml
		ssl.crt = ssl.crt
		ssl.key = ssl.key
	EndProjectSection
EndProject
Project("{9A19103F-16F7-4668-BE54-9A1E7A4F7556}") = "MonexUp.API", "MonexUp.API\MonexUp.API.csproj", "{3B88C798-479A-4EB0-8F68-23B3EF1AFAE8}"
EndProject
Project("{9A19103F-16F7-4668-BE54-9A1E7A4F7556}") = "MonexUp.Application", "MonexUp.Application\MonexUp.Application.csproj", "{5DE107B9-14A2-4A93-ACF8-E6F6BE632AC6}"
EndProject
Project("{9A19103F-16F7-4668-BE54-9A1E7A4F7556}") = "MonexUp.BackgroundService", "MonexUp.BackgroundService\MonexUp.BackgroundService.csproj", "{97004F83-762F-47D5-A664-9F2B02058470}"
EndProject
Project("{FAE04EC0-301F-11D3-BF4B-00C04F79EFBC}") = "Template.API", "Template.API\Template.API.csproj", "{97C3DB59-E5B0-4059-9B95-ABA9DDCCEAF1}"
EndProject
Project("{FAE04EC0-301F-11D3-BF4B-00C04F79EFBC}") = "Template.DTO", "Template.DTO\Template.DTO.csproj", "{A2A9E794-3642-42E4-A3ED-6D2C4E58EC84}"
EndProject
Project("{FAE04EC0-301F-11D3-BF4B-00C04F79EFBC}") = "Template.Infra.Interfaces", "Template.Infra.Interfaces\Template.Infra.Interfaces.csproj", "{747FA73D-8A50-4C5C-9ACF-FA978FB80CC4}"
EndProject
Project("{FAE04EC0-301F-11D3-BF4B-00C04F79EFBC}") = "Template.Domain", "Template.Domain\Template.Domain.csproj", "{73FBD8E1-6D8E-47EB-B50F-37B5668E24EC}"
EndProject
Project("{FAE04EC0-301F-11D3-BF4B-00C04F79EFBC}") = "Template.Infra", "Template.Infra\Template.Infra.csproj", "{319D8D76-2182-486C-9684-03283692CD67}"
EndProject
Project("{FAE04EC0-301F-11D3-BF4B-00C04F79EFBC}") = "Template.Application", "Template.Application\Template.Application.csproj", "{DA042E03-03A1-4E62-8CD0-8F55AEDE2512}"
EndProject
Global
	GlobalSection(SolutionConfigurationPlatforms) = preSolution
		Debug|Any CPU = Debug|Any CPU
		Debug|x64 = Debug|x64
		Debug|x86 = Debug|x86
		Release|Any CPU = Release|Any CPU
		Release|x64 = Release|x64
		Release|x86 = Release|x86
	EndGlobalSection
	GlobalSection(ProjectConfigurationPlatforms) = postSolution
		{A1075D98-F8C9-4101-A9BD-D86B2AECA385}.Debug|Any CPU.ActiveCfg = Debug|Any CPU
		{A1075D98-F8C9-4101-A9BD-D86B2AECA385}.Debug|Any CPU.Build.0 = Debug|Any CPU
		{A1075D98-F8C9-4101-A9BD-D86B2AECA385}.Debug|x64.ActiveCfg = Debug|Any CPU
		{A1075D98-F8C9-4101-A9BD-D86B2AECA385}.Debug|x64.Build.0 = Debug|Any CPU
		{A1075D98-F8C9-4101-A9BD-D86B2AECA385}.Debug|x86.ActiveCfg = Debug|Any CPU
		{A1075D98-F8C9-4101-A9BD-D86B2AECA385}.Debug|x86.Build.0 = Debug|Any CPU
		{A1075D98-F8C9-4101-A9BD-D86B2AECA385}.Release|Any CPU.ActiveCfg = Release|Any CPU
		{A1075D98-F8C9-4101-A9BD-D86B2AECA385}.Release|Any CPU.Build.0 = Release|Any CPU
		{A1075D98-F8C9-4101-A9BD-D86B2AECA385}.Release|x64.ActiveCfg = Release|Any CPU
		{A1075D98-F8C9-4101-A9BD-D86B2AECA385}.Release|x64.Build.0 = Release|Any CPU
		{A1075D98-F8C9-4101-A9BD-D86B2AECA385}.Release|x86.ActiveCfg = Release|Any CPU
		{A1075D98-F8C9-4101-A9BD-D86B2AECA385}.Release|x86.Build.0 = Release|Any CPU
		{2E16DDBE-A432-411E-BF7E-F4ED76FFB184}.Debug|Any CPU.ActiveCfg = Debug|Any CPU
		{2E16DDBE-A432-411E-BF7E-F4ED76FFB184}.Debug|Any CPU.Build.0 = Debug|Any CPU
		{2E16DDBE-A432-411E-BF7E-F4ED76FFB184}.Debug|x64.ActiveCfg = Debug|Any CPU
		{2E16DDBE-A432-411E-BF7E-F4ED76FFB184}.Debug|x64.Build.0 = Debug|Any CPU
		{2E16DDBE-A432-411E-BF7E-F4ED76FFB184}.Debug|x86.ActiveCfg = Debug|Any CPU
		{2E16DDBE-A432-411E-BF7E-F4ED76FFB184}.Debug|x86.Build.0 = Debug|Any CPU
		{2E16DDBE-A432-411E-BF7E-F4ED76FFB184}.Release|Any CPU.ActiveCfg = Release|Any CPU
		{2E16DDBE-A432-411E-BF7E-F4ED76FFB184}.Release|Any CPU.Build.0 = Release|Any CPU
		{2E16DDBE-A432-411E-BF7E-F4ED76FFB184}.Release|x64.ActiveCfg = Release|Any CPU
		{2E16DDBE-A432-411E-BF7E-F4ED76FFB184}.Release|x64.Build.0 = Release|Any CPU
		{2E16DDBE-A432-411E-BF7E-F4ED76FFB184}.Release|x86.ActiveCfg = Release|Any CPU
		{2E16DDBE-A432-411E-BF7E-F4ED76FFB184}.Release|x86.Build.0 = Release|Any CPU
		{E149BFCB-5FFB-44D5-8FA0-BE1480D2D8CA}.Debug|Any CPU.ActiveCfg = Debug|Any CPU
		{E149BFCB-5FFB-44D5-8FA0-BE1480D2D8CA}.Debug|Any CPU.Build.0 = Debug|Any CPU
		{E149BFCB-5FFB-44D5-8FA0-BE1480D2D8CA}.Debug|x64.ActiveCfg = Debug|Any CPU
		{E149BFCB-5FFB-44D5-8FA0-BE1480D2D8CA}.Debug|x64.Build.0 = Debug|Any CPU
		{E149BFCB-5FFB-44D5-8FA0-BE1480D2D8CA}.Debug|x86.ActiveCfg = Debug|Any CPU
		{E149BFCB-5FFB-44D5-8FA0-BE1480D2D8CA}.Debug|x86.Build.0 = Debug|Any CPU
		{E149BFCB-5FFB-44D5-8FA0-BE1480D2D8CA}.Release|Any CPU.ActiveCfg = Release|Any CPU
		{E149BFCB-5FFB-44D5-8FA0-BE1480D2D8CA}.Release|Any CPU.Build.0 = Release|Any CPU
		{E149BFCB-5FFB-44D5-8FA0-BE1480D2D8CA}.Release|x64.ActiveCfg = Release|Any CPU
		{E149BFCB-5FFB-44D5-8FA0-BE1480D2D8CA}.Release|x64.Build.0 = Release|Any CPU
		{E149BFCB-5FFB-44D5-8FA0-BE1480D2D8CA}.Release|x86.ActiveCfg = Release|Any CPU
		{E149BFCB-5FFB-44D5-8FA0-BE1480D2D8CA}.Release|x86.Build.0 = Release|Any CPU
		{84C58D7E-C390-4AAF-98B3-F5CBB09C91BC}.Debug|Any CPU.ActiveCfg = Debug|Any CPU
		{84C58D7E-C390-4AAF-98B3-F5CBB09C91BC}.Debug|Any CPU.Build.0 = Debug|Any CPU
		{84C58D7E-C390-4AAF-98B3-F5CBB09C91BC}.Debug|x64.ActiveCfg = Debug|Any CPU
		{84C58D7E-C390-4AAF-98B3-F5CBB09C91BC}.Debug|x64.Build.0 = Debug|Any CPU
		{84C58D7E-C390-4AAF-98B3-F5CBB09C91BC}.Debug|x86.ActiveCfg = Debug|Any CPU
		{84C58D7E-C390-4AAF-98B3-F5CBB09C91BC}.Debug|x86.Build.0 = Debug|Any CPU
		{84C58D7E-C390-4AAF-98B3-F5CBB09C91BC}.Release|Any CPU.ActiveCfg = Release|Any CPU
		{84C58D7E-C390-4AAF-98B3-F5CBB09C91BC}.Release|Any CPU.Build.0 = Release|Any CPU
		{84C58D7E-C390-4AAF-98B3-F5CBB09C91BC}.Release|x64.ActiveCfg = Release|Any CPU
		{84C58D7E-C390-4AAF-98B3-F5CBB09C91BC}.Release|x64.Build.0 = Release|Any CPU
		{84C58D7E-C390-4AAF-98B3-F5CBB09C91BC}.Release|x86.ActiveCfg = Release|Any CPU
		{84C58D7E-C390-4AAF-98B3-F5CBB09C91BC}.Release|x86.Build.0 = Release|Any CPU
		{3B88C798-479A-4EB0-8F68-23B3EF1AFAE8}.Debug|Any CPU.ActiveCfg = Debug|Any CPU
		{3B88C798-479A-4EB0-8F68-23B3EF1AFAE8}.Debug|Any CPU.Build.0 = Debug|Any CPU
		{3B88C798-479A-4EB0-8F68-23B3EF1AFAE8}.Debug|x64.ActiveCfg = Debug|Any CPU
		{3B88C798-479A-4EB0-8F68-23B3EF1AFAE8}.Debug|x64.Build.0 = Debug|Any CPU
		{3B88C798-479A-4EB0-8F68-23B3EF1AFAE8}.Debug|x86.ActiveCfg = Debug|Any CPU
		{3B88C798-479A-4EB0-8F68-23B3EF1AFAE8}.Debug|x86.Build.0 = Debug|Any CPU
		{3B88C798-479A-4EB0-8F68-23B3EF1AFAE8}.Release|Any CPU.ActiveCfg = Release|Any CPU
		{3B88C798-479A-4EB0-8F68-23B3EF1AFAE8}.Release|Any CPU.Build.0 = Release|Any CPU
		{3B88C798-479A-4EB0-8F68-23B3EF1AFAE8}.Release|x64.ActiveCfg = Release|Any CPU
		{3B88C798-479A-4EB0-8F68-23B3EF1AFAE8}.Release|x64.Build.0 = Release|Any CPU
		{3B88C798-479A-4EB0-8F68-23B3EF1AFAE8}.Release|x86.ActiveCfg = Release|Any CPU
		{3B88C798-479A-4EB0-8F68-23B3EF1AFAE8}.Release|x86.Build.0 = Release|Any CPU
		{5DE107B9-14A2-4A93-ACF8-E6F6BE632AC6}.Debug|Any CPU.ActiveCfg = Debug|Any CPU
		{5DE107B9-14A2-4A93-ACF8-E6F6BE632AC6}.Debug|Any CPU.Build.0 = Debug|Any CPU
		{5DE107B9-14A2-4A93-ACF8-E6F6BE632AC6}.Debug|x64.ActiveCfg = Debug|Any CPU
		{5DE107B9-14A2-4A93-ACF8-E6F6BE632AC6}.Debug|x64.Build.0 = Debug|Any CPU
		{5DE107B9-14A2-4A93-ACF8-E6F6BE632AC6}.Debug|x86.ActiveCfg = Debug|Any CPU
		{5DE107B9-14A2-4A93-ACF8-E6F6BE632AC6}.Debug|x86.Build.0 = Debug|Any CPU
		{5DE107B9-14A2-4A93-ACF8-E6F6BE632AC6}.Release|Any CPU.ActiveCfg = Release|Any CPU
		{5DE107B9-14A2-4A93-ACF8-E6F6BE632AC6}.Release|Any CPU.Build.0 = Release|Any CPU
		{5DE107B9-14A2-4A93-ACF8-E6F6BE632AC6}.Release|x64.ActiveCfg = Release|Any CPU
		{5DE107B9-14A2-4A93-ACF8-E6F6BE632AC6}.Release|x64.Build.0 = Release|Any CPU
		{5DE107B9-14A2-4A93-ACF8-E6F6BE632AC6}.Release|x86.ActiveCfg = Release|Any CPU
		{5DE107B9-14A2-4A93-ACF8-E6F6BE632AC6}.Release|x86.Build.0 = Release|Any CPU
		{97004F83-762F-47D5-A664-9F2B02058470}.Debug|Any CPU.ActiveCfg = Debug|Any CPU
		{97004F83-762F-47D5-A664-9F2B02058470}.Debug|Any CPU.Build.0 = Debug|Any CPU
		{97004F83-762F-47D5-A664-9F2B02058470}.Debug|x64.ActiveCfg = Debug|Any CPU
		{97004F83-762F-47D5-A664-9F2B02058470}.Debug|x64.Build.0 = Debug|Any CPU
		{97004F83-762F-47D5-A664-9F2B02058470}.Debug|x86.ActiveCfg = Debug|Any CPU
		{97004F83-762F-47D5-A664-9F2B02058470}.Debug|x86.Build.0 = Debug|Any CPU
		{97004F83-762F-47D5-A664-9F2B02058470}.Release|Any CPU.ActiveCfg = Release|Any CPU
		{97004F83-762F-47D5-A664-9F2B02058470}.Release|Any CPU.Build.0 = Release|Any CPU
		{97004F83-762F-47D5-A664-9F2B02058470}.Release|x64.ActiveCfg = Release|Any CPU
		{97004F83-762F-47D5-A664-9F2B02058470}.Release|x64.Build.0 = Release|Any CPU
		{97004F83-762F-47D5-A664-9F2B02058470}.Release|x86.ActiveCfg = Release|Any CPU
		{97004F83-762F-47D5-A664-9F2B02058470}.Release|x86.Build.0 = Release|Any CPU
		{97C3DB59-E5B0-4059-9B95-ABA9DDCCEAF1}.Debug|Any CPU.ActiveCfg = Debug|Any CPU
		{97C3DB59-E5B0-4059-9B95-ABA9DDCCEAF1}.Debug|Any CPU.Build.0 = Debug|Any CPU
		{97C3DB59-E5B0-4059-9B95-ABA9DDCCEAF1}.Debug|x64.ActiveCfg = Debug|Any CPU
		{97C3DB59-E5B0-4059-9B95-ABA9DDCCEAF1}.Debug|x64.Build.0 = Debug|Any CPU
		{97C3DB59-E5B0-4059-9B95-ABA9DDCCEAF1}.Debug|x86.ActiveCfg = Debug|Any CPU
		{97C3DB59-E5B0-4059-9B95-ABA9DDCCEAF1}.Debug|x86.Build.0 = Debug|Any CPU
		{97C3DB59-E5B0-4059-9B95-ABA9DDCCEAF1}.Release|Any CPU.ActiveCfg = Release|Any CPU
		{97C3DB59-E5B0-4059-9B95-ABA9DDCCEAF1}.Release|Any CPU.Build.0 = Release|Any CPU
		{97C3DB59-E5B0-4059-9B95-ABA9DDCCEAF1}.Release|x64.ActiveCfg = Release|Any CPU
		{97C3DB59-E5B0-4059-9B95-ABA9DDCCEAF1}.Release|x64.Build.0 = Release|Any CPU
		{97C3DB59-E5B0-4059-9B95-ABA9DDCCEAF1}.Release|x86.ActiveCfg = Release|Any CPU
		{97C3DB59-E5B0-4059-9B95-ABA9DDCCEAF1}.Release|x86.Build.0 = Release|Any CPU
		{A2A9E794-3642-42E4-A3ED-6D2C4E58EC84}.Debug|Any CPU.ActiveCfg = Debug|Any CPU
		{A2A9E794-3642-42E4-A3ED-6D2C4E58EC84}.Debug|Any CPU.Build.0 = Debug|Any CPU
		{A2A9E794-3642-42E4-A3ED-6D2C4E58EC84}.Debug|x64.ActiveCfg = Debug|Any CPU
		{A2A9E794-3642-42E4-A3ED-6D2C4E58EC84}.Debug|x64.Build.0 = Debug|Any CPU
		{A2A9E794-3642-42E4-A3ED-6D2C4E58EC84}.Debug|x86.ActiveCfg = Debug|Any CPU
		{A2A9E794-3642-42E4-A3ED-6D2C4E58EC84}.Debug|x86.Build.0 = Debug|Any CPU
		{A2A9E794-3642-42E4-A3ED-6D2C4E58EC84}.Release|Any CPU.ActiveCfg = Release|Any CPU
		{A2A9E794-3642-42E4-A3ED-6D2C4E58EC84}.Release|Any CPU.Build.0 = Release|Any CPU
		{A2A9E794-3642-42E4-A3ED-6D2C4E58EC84}.Release|x64.ActiveCfg = Release|Any CPU
		{A2A9E794-3642-42E4-A3ED-6D2C4E58EC84}.Release|x64.Build.0 = Release|Any CPU
		{A2A9E794-3642-42E4-A3ED-6D2C4E58EC84}.Release|x86.ActiveCfg = Release|Any CPU
		{A2A9E794-3642-42E4-A3ED-6D2C4E58EC84}.Release|x86.Build.0 = Release|Any CPU
		{747FA73D-8A50-4C5C-9ACF-FA978FB80CC4}.Debug|Any CPU.ActiveCfg = Debug|Any CPU
		{747FA73D-8A50-4C5C-9ACF-FA978FB80CC4}.Debug|Any CPU.Build.0 = Debug|Any CPU
		{747FA73D-8A50-4C5C-9ACF-FA978FB80CC4}.Debug|x64.ActiveCfg = Debug|Any CPU
		{747FA73D-8A50-4C5C-9ACF-FA978FB80CC4}.Debug|x64.Build.0 = Debug|Any CPU
		{747FA73D-8A50-4C5C-9ACF-FA978FB80CC4}.Debug|x86.ActiveCfg = Debug|Any CPU
		{747FA73D-8A50-4C5C-9ACF-FA978FB80CC4}.Debug|x86.Build.0 = Debug|Any CPU
		{747FA73D-8A50-4C5C-9ACF-FA978FB80CC4}.Release|Any CPU.ActiveCfg = Release|Any CPU
		{747FA73D-8A50-4C5C-9ACF-FA978FB80CC4}.Release|Any CPU.Build.0 = Release|Any CPU
		{747FA73D-8A50-4C5C-9ACF-FA978FB80CC4}.Release|x64.ActiveCfg = Release|Any CPU
		{747FA73D-8A50-4C5C-9ACF-FA978FB80CC4}.Release|x64.Build.0 = Release|Any CPU
		{747FA73D-8A50-4C5C-9ACF-FA978FB80CC4}.Release|x86.ActiveCfg = Release|Any CPU
		{747FA73D-8A50-4C5C-9ACF-FA978FB80CC4}.Release|x86.Build.0 = Release|Any CPU
		{73FBD8E1-6D8E-47EB-B50F-37B5668E24EC}.Debug|Any CPU.ActiveCfg = Debug|Any CPU
		{73FBD8E1-6D8E-47EB-B50F-37B5668E24EC}.Debug|Any CPU.Build.0 = Debug|Any CPU
		{73FBD8E1-6D8E-47EB-B50F-37B5668E24EC}.Debug|x64.ActiveCfg = Debug|Any CPU
		{73FBD8E1-6D8E-47EB-B50F-37B5668E24EC}.Debug|x64.Build.0 = Debug|Any CPU
		{73FBD8E1-6D8E-47EB-B50F-37B5668E24EC}.Debug|x86.ActiveCfg = Debug|Any CPU
		{73FBD8E1-6D8E-47EB-B50F-37B5668E24EC}.Debug|x86.Build.0 = Debug|Any CPU
		{73FBD8E1-6D8E-47EB-B50F-37B5668E24EC}.Release|Any CPU.ActiveCfg = Release|Any CPU
		{73FBD8E1-6D8E-47EB-B50F-37B5668E24EC}.Release|Any CPU.Build.0 = Release|Any CPU
		{73FBD8E1-6D8E-47EB-B50F-37B5668E24EC}.Release|x64.ActiveCfg = Release|Any CPU
		{73FBD8E1-6D8E-47EB-B50F-37B5668E24EC}.Release|x64.Build.0 = Release|Any CPU
		{73FBD8E1-6D8E-47EB-B50F-37B5668E24EC}.Release|x86.ActiveCfg = Release|Any CPU
		{73FBD8E1-6D8E-47EB-B50F-37B5668E24EC}.Release|x86.Build.0 = Release|Any CPU
		{319D8D76-2182-486C-9684-03283692CD67}.Debug|Any CPU.ActiveCfg = Debug|Any CPU
		{319D8D76-2182-486C-9684-03283692CD67}.Debug|Any CPU.Build.0 = Debug|Any CPU
		{319D8D76-2182-486C-9684-03283692CD67}.Debug|x64.ActiveCfg = Debug|Any CPU
		{319D8D76-2182-486C-9684-03283692CD67}.Debug|x64.Build.0 = Debug|Any CPU
		{319D8D76-2182-486C-9684-03283692CD67}.Debug|x86.ActiveCfg = Debug|Any CPU
		{319D8D76-2182-486C-9684-03283692CD67}.Debug|x86.Build.0 = Debug|Any CPU
		{319D8D76-2182-486C-9684-03283692CD67}.Release|Any CPU.ActiveCfg = Release|Any CPU
		{319D8D76-2182-486C-9684-03283692CD67}.Release|Any CPU.Build.0 = Release|Any CPU
		{319D8D76-2182-486C-9684-03283692CD67}.Release|x64.ActiveCfg = Release|Any CPU
		{319D8D76-2182-486C-9684-03283692CD67}.Release|x64.Build.0 = Release|Any CPU
		{319D8D76-2182-486C-9684-03283692CD67}.Release|x86.ActiveCfg = Release|Any CPU
		{319D8D76-2182-486C-9684-03283692CD67}.Release|x86.Build.0 = Release|Any CPU
		{DA042E03-03A1-4E62-8CD0-8F55AEDE2512}.Debug|Any CPU.ActiveCfg = Debug|Any CPU
		{DA042E03-03A1-4E62-8CD0-8F55AEDE2512}.Debug|Any CPU.Build.0 = Debug|Any CPU
		{DA042E03-03A1-4E62-8CD0-8F55AEDE2512}.Debug|x64.ActiveCfg = Debug|Any CPU
		{DA042E03-03A1-4E62-8CD0-8F55AEDE2512}.Debug|x64.Build.0 = Debug|Any CPU
		{DA042E03-03A1-4E62-8CD0-8F55AEDE2512}.Debug|x86.ActiveCfg = Debug|Any CPU
		{DA042E03-03A1-4E62-8CD0-8F55AEDE2512}.Debug|x86.Build.0 = Debug|Any CPU
		{DA042E03-03A1-4E62-8CD0-8F55AEDE2512}.Release|Any CPU.ActiveCfg = Release|Any CPU
		{DA042E03-03A1-4E62-8CD0-8F55AEDE2512}.Release|Any CPU.Build.0 = Release|Any CPU
		{DA042E03-03A1-4E62-8CD0-8F55AEDE2512}.Release|x64.ActiveCfg = Release|Any CPU
		{DA042E03-03A1-4E62-8CD0-8F55AEDE2512}.Release|x64.Build.0 = Release|Any CPU
		{DA042E03-03A1-4E62-8CD0-8F55AEDE2512}.Release|x86.ActiveCfg = Release|Any CPU
		{DA042E03-03A1-4E62-8CD0-8F55AEDE2512}.Release|x86.Build.0 = Release|Any CPU
	EndGlobalSection
	GlobalSection(SolutionProperties) = preSolution
		HideSolutionNode = FALSE
	EndGlobalSection
	GlobalSection(ExtensibilityGlobals) = postSolution
		SolutionGuid = {09F0A422-0692-4032-9924-7DF1D27AEF60}
	EndGlobalSection
EndGlobal
